
Microsoft Visual Studio Solution File, Format Version 12.00
# Visual Studio Version 17
VisualStudioVersion = 17.4.33403.182
MinimumVisualStudioVersion = 10.0.40219.1
Project("{FAE04EC0-301F-11D3-BF4B-00C04F79EFBC}") = "Clothes", "Clothes\Clothes.csproj", "{D0B34C32-B615-4CE7-92CF-A23EB1E4C2A0}"
EndProject
Global
	GlobalSection(SolutionConfigurationPlatforms) = preSolution
		Debug|Any CPU = Debug|Any CPU
		Release|Any CPU = Release|Any CPU
	EndGlobalSection
	GlobalSection(ProjectConfigurationPlatforms) = postSolution
		{D0B34C32-B615-4CE7-92CF-A23EB1E4C2A0}.Debug|Any CPU.ActiveCfg = Debug|Any CPU
		{D0B34C32-B615-4CE7-92CF-A23EB1E4C2A0}.Debug|Any CPU.Build.0 = Debug|Any CPU
		{D0B34C32-B615-4CE7-92CF-A23EB1E4C2A0}.Release|Any CPU.ActiveCfg = Release|Any CPU
		{D0B34C32-B615-4CE7-92CF-A23EB1E4C2A0}.Release|Any CPU.Build.0 = Release|Any CPU
	EndGlobalSection
	GlobalSection(SolutionProperties) = preSolution
		HideSolutionNode = FALSE
	EndGlobalSection
	GlobalSection(ExtensibilityGlobals) = postSolution
		SolutionGuid = {214EABBF-D77A-4479-8184-4418B65DE83B}
	EndGlobalSection
EndGlobal
